
Microsoft Visual Studio Solution File, Format Version 12.00
# Visual Studio Version 17
VisualStudioVersion = 17.8.34330.188
MinimumVisualStudioVersion = 10.0.40219.1
Project("{9A19103F-16F7-4668-BE54-9A1E7A4F7556}") = "simp", "simp.csproj", "{3608EC12-1C4D-44BE-B19E-2D15F495DD1D}"
EndProject
Project("{54435603-DBB4-11D2-8724-00A0C9A8B90C}") = "BMC", "..\BMC\BMC.vdproj", "{BFC006B2-7FC9-4BB8-9E7E-EB1F3A5FCC39}"
EndProject
Global
	GlobalSection(SolutionConfigurationPlatforms) = preSolution
		Debug|Any CPU = Debug|Any CPU
		Release|Any CPU = Release|Any CPU
	EndGlobalSection
	GlobalSection(ProjectConfigurationPlatforms) = postSolution
		{3608EC12-1C4D-44BE-B19E-2D15F495DD1D}.Debug|Any CPU.ActiveCfg = Debug|Any CPU
		{3608EC12-1C4D-44BE-B19E-2D15F495DD1D}.Debug|Any CPU.Build.0 = Debug|Any CPU
		{3608EC12-1C4D-44BE-B19E-2D15F495DD1D}.Release|Any CPU.ActiveCfg = Release|Any CPU
		{3608EC12-1C4D-44BE-B19E-2D15F495DD1D}.Release|Any CPU.Build.0 = Release|Any CPU
		{BFC006B2-7FC9-4BB8-9E7E-EB1F3A5FCC39}.Debug|Any CPU.ActiveCfg = Debug
		{BFC006B2-7FC9-4BB8-9E7E-EB1F3A5FCC39}.Release|Any CPU.ActiveCfg = Release
	EndGlobalSection
	GlobalSection(SolutionProperties) = preSolution
		HideSolutionNode = FALSE
	EndGlobalSection
	GlobalSection(ExtensibilityGlobals) = postSolution
		SolutionGuid = {CAD8B1CA-FCB9-4EFF-A902-613C978447B8}
	EndGlobalSection
EndGlobal
